
Microsoft Visual Studio Solution File, Format Version 12.00
# Visual Studio Version 17
VisualStudioVersion = 17.14.36221.1 d17.14
MinimumVisualStudioVersion = 10.0.40219.1
Project("{54A90642-561A-4BB1-A94E-469ADEE60C69}") = "luciferbank", "LuciferBank\luciferbank.esproj", "{50EA7BCF-B2EC-1FDD-706C-0146EAA1D5D5}"
EndProject
Global
	GlobalSection(SolutionConfigurationPlatforms) = preSolution
		Debug|Any CPU = Debug|Any CPU
		Release|Any CPU = Release|Any CPU
	EndGlobalSection
	GlobalSection(ProjectConfigurationPlatforms) = postSolution
		{50EA7BCF-B2EC-1FDD-706C-0146EAA1D5D5}.Debug|Any CPU.ActiveCfg = Debug|Any CPU
		{50EA7BCF-B2EC-1FDD-706C-0146EAA1D5D5}.Debug|Any CPU.Build.0 = Debug|Any CPU
		{50EA7BCF-B2EC-1FDD-706C-0146EAA1D5D5}.Debug|Any CPU.Deploy.0 = Debug|Any CPU
		{50EA7BCF-B2EC-1FDD-706C-0146EAA1D5D5}.Release|Any CPU.ActiveCfg = Release|Any CPU
		{50EA7BCF-B2EC-1FDD-706C-0146EAA1D5D5}.Release|Any CPU.Build.0 = Release|Any CPU
		{50EA7BCF-B2EC-1FDD-706C-0146EAA1D5D5}.Release|Any CPU.Deploy.0 = Release|Any CPU
	EndGlobalSection
	GlobalSection(SolutionProperties) = preSolution
		HideSolutionNode = FALSE
	EndGlobalSection
	GlobalSection(ExtensibilityGlobals) = postSolution
		SolutionGuid = {23AAA505-6AE9-41FD-8FDA-3A7F454E86EA}
	EndGlobalSection
EndGlobal
